
Microsoft Visual Studio Solution File, Format Version 12.00
# Visual Studio Version 17
VisualStudioVersion = 17.3.32811.315
MinimumVisualStudioVersion = 10.0.40219.1
Project("{FAE04EC0-301F-11D3-BF4B-00C04F79EFBC}") = "BaiTap5", "BaiTap5\BaiTap5.csproj", "{3CD60CBA-9190-4D4C-8B24-C3938903AF65}"
EndProject
Global
	GlobalSection(SolutionConfigurationPlatforms) = preSolution
		Debug|Any CPU = Debug|Any CPU
		Release|Any CPU = Release|Any CPU
	EndGlobalSection
	GlobalSection(ProjectConfigurationPlatforms) = postSolution
		{3CD60CBA-9190-4D4C-8B24-C3938903AF65}.Debug|Any CPU.ActiveCfg = Debug|Any CPU
		{3CD60CBA-9190-4D4C-8B24-C3938903AF65}.Debug|Any CPU.Build.0 = Debug|Any CPU
		{3CD60CBA-9190-4D4C-8B24-C3938903AF65}.Release|Any CPU.ActiveCfg = Release|Any CPU
		{3CD60CBA-9190-4D4C-8B24-C3938903AF65}.Release|Any CPU.Build.0 = Release|Any CPU
	EndGlobalSection
	GlobalSection(SolutionProperties) = preSolution
		HideSolutionNode = FALSE
	EndGlobalSection
	GlobalSection(ExtensibilityGlobals) = postSolution
		SolutionGuid = {9E437868-6715-40F6-995D-7ACF59F14819}
	EndGlobalSection
EndGlobal
